
Microsoft Visual Studio Solution File, Format Version 12.00
# Visual Studio Version 17
VisualStudioVersion = 17.0.31903.59
MinimumVisualStudioVersion = 10.0.40219.1
Project("{2150E333-8FDC-42A3-9474-1A3956D46DE8}") = "src", "src", "{827E0CD3-B72D-47B6-A68D-7590B98EB39B}"
EndProject
Project("{FAE04EC0-301F-11D3-BF4B-00C04F79EFBC}") = "Jaarplanner.Domain", "src\Jaarplanner.Domain\Jaarplanner.Domain.csproj", "{CE1E27C1-FD08-4A14-9775-98D616114093}"
EndProject
Project("{FAE04EC0-301F-11D3-BF4B-00C04F79EFBC}") = "Jaarplanner.Application", "src\Jaarplanner.Application\Jaarplanner.Application.csproj", "{F662F458-9FC7-4FE7-96B2-1EB87E2E329B}"
EndProject
Project("{FAE04EC0-301F-11D3-BF4B-00C04F79EFBC}") = "Jaarplanner.Infrastructure", "src\Jaarplanner.Infrastructure\Jaarplanner.Infrastructure.csproj", "{BC7FCF75-0365-4808-BE0F-5F920BA2E6AA}"
EndProject
Project("{FAE04EC0-301F-11D3-BF4B-00C04F79EFBC}") = "Jaarplanner.Api", "src\Jaarplanner.Api\Jaarplanner.Api.csproj", "{5AE88F5D-79DB-47C9-A5DC-41C13C37B57A}"
EndProject
Project("{2150E333-8FDC-42A3-9474-1A3956D46DE8}") = "tests", "tests", "{0AB3BF05-4346-4AA6-1389-037BE0695223}"
EndProject
Project("{FAE04EC0-301F-11D3-BF4B-00C04F79EFBC}") = "Jaarplanner.UnitTests", "tests\Jaarplanner.UnitTests\Jaarplanner.UnitTests.csproj", "{129CEDA3-595A-43AB-B753-F96A37923AC2}"
EndProject
Project("{FAE04EC0-301F-11D3-BF4B-00C04F79EFBC}") = "Jaarplanner.IntegrationTests", "tests\Jaarplanner.IntegrationTests\Jaarplanner.IntegrationTests.csproj", "{E46E760E-F45E-4B92-8B1E-78542684717C}"
EndProject
Global
	GlobalSection(SolutionConfigurationPlatforms) = preSolution
		Debug|Any CPU = Debug|Any CPU
		Debug|x64 = Debug|x64
		Debug|x86 = Debug|x86
		Release|Any CPU = Release|Any CPU
		Release|x64 = Release|x64
		Release|x86 = Release|x86
	EndGlobalSection
	GlobalSection(ProjectConfigurationPlatforms) = postSolution
		{CE1E27C1-FD08-4A14-9775-98D616114093}.Debug|Any CPU.ActiveCfg = Debug|Any CPU
		{CE1E27C1-FD08-4A14-9775-98D616114093}.Debug|Any CPU.Build.0 = Debug|Any CPU
		{CE1E27C1-FD08-4A14-9775-98D616114093}.Debug|x64.ActiveCfg = Debug|Any CPU
		{CE1E27C1-FD08-4A14-9775-98D616114093}.Debug|x64.Build.0 = Debug|Any CPU
		{CE1E27C1-FD08-4A14-9775-98D616114093}.Debug|x86.ActiveCfg = Debug|Any CPU
		{CE1E27C1-FD08-4A14-9775-98D616114093}.Debug|x86.Build.0 = Debug|Any CPU
		{CE1E27C1-FD08-4A14-9775-98D616114093}.Release|Any CPU.ActiveCfg = Release|Any CPU
		{CE1E27C1-FD08-4A14-9775-98D616114093}.Release|Any CPU.Build.0 = Release|Any CPU
		{CE1E27C1-FD08-4A14-9775-98D616114093}.Release|x64.ActiveCfg = Release|Any CPU
		{CE1E27C1-FD08-4A14-9775-98D616114093}.Release|x64.Build.0 = Release|Any CPU
		{CE1E27C1-FD08-4A14-9775-98D616114093}.Release|x86.ActiveCfg = Release|Any CPU
		{CE1E27C1-FD08-4A14-9775-98D616114093}.Release|x86.Build.0 = Release|Any CPU
		{F662F458-9FC7-4FE7-96B2-1EB87E2E329B}.Debug|Any CPU.ActiveCfg = Debug|Any CPU
		{F662F458-9FC7-4FE7-96B2-1EB87E2E329B}.Debug|Any CPU.Build.0 = Debug|Any CPU
		{F662F458-9FC7-4FE7-96B2-1EB87E2E329B}.Debug|x64.ActiveCfg = Debug|Any CPU
		{F662F458-9FC7-4FE7-96B2-1EB87E2E329B}.Debug|x64.Build.0 = Debug|Any CPU
		{F662F458-9FC7-4FE7-96B2-1EB87E2E329B}.Debug|x86.ActiveCfg = Debug|Any CPU
		{F662F458-9FC7-4FE7-96B2-1EB87E2E329B}.Debug|x86.Build.0 = Debug|Any CPU
		{F662F458-9FC7-4FE7-96B2-1EB87E2E329B}.Release|Any CPU.ActiveCfg = Release|Any CPU
		{F662F458-9FC7-4FE7-96B2-1EB87E2E329B}.Release|Any CPU.Build.0 = Release|Any CPU
		{F662F458-9FC7-4FE7-96B2-1EB87E2E329B}.Release|x64.ActiveCfg = Release|Any CPU
		{F662F458-9FC7-4FE7-96B2-1EB87E2E329B}.Release|x64.Build.0 = Release|Any CPU
		{F662F458-9FC7-4FE7-96B2-1EB87E2E329B}.Release|x86.ActiveCfg = Release|Any CPU
		{F662F458-9FC7-4FE7-96B2-1EB87E2E329B}.Release|x86.Build.0 = Release|Any CPU
		{BC7FCF75-0365-4808-BE0F-5F920BA2E6AA}.Debug|Any CPU.ActiveCfg = Debug|Any CPU
		{BC7FCF75-0365-4808-BE0F-5F920BA2E6AA}.Debug|Any CPU.Build.0 = Debug|Any CPU
		{BC7FCF75-0365-4808-BE0F-5F920BA2E6AA}.Debug|x64.ActiveCfg = Debug|Any CPU
		{BC7FCF75-0365-4808-BE0F-5F920BA2E6AA}.Debug|x64.Build.0 = Debug|Any CPU
		{BC7FCF75-0365-4808-BE0F-5F920BA2E6AA}.Debug|x86.ActiveCfg = Debug|Any CPU
		{BC7FCF75-0365-4808-BE0F-5F920BA2E6AA}.Debug|x86.Build.0 = Debug|Any CPU
		{BC7FCF75-0365-4808-BE0F-5F920BA2E6AA}.Release|Any CPU.ActiveCfg = Release|Any CPU
		{BC7FCF75-0365-4808-BE0F-5F920BA2E6AA}.Release|Any CPU.Build.0 = Release|Any CPU
		{BC7FCF75-0365-4808-BE0F-5F920BA2E6AA}.Release|x64.ActiveCfg = Release|Any CPU
		{BC7FCF75-0365-4808-BE0F-5F920BA2E6AA}.Release|x64.Build.0 = Release|Any CPU
		{BC7FCF75-0365-4808-BE0F-5F920BA2E6AA}.Release|x86.ActiveCfg = Release|Any CPU
		{BC7FCF75-0365-4808-BE0F-5F920BA2E6AA}.Release|x86.Build.0 = Release|Any CPU
		{5AE88F5D-79DB-47C9-A5DC-41C13C37B57A}.Debug|Any CPU.ActiveCfg = Debug|Any CPU
		{5AE88F5D-79DB-47C9-A5DC-41C13C37B57A}.Debug|Any CPU.Build.0 = Debug|Any CPU
		{5AE88F5D-79DB-47C9-A5DC-41C13C37B57A}.Debug|x64.ActiveCfg = Debug|Any CPU
		{5AE88F5D-79DB-47C9-A5DC-41C13C37B57A}.Debug|x64.Build.0 = Debug|Any CPU
		{5AE88F5D-79DB-47C9-A5DC-41C13C37B57A}.Debug|x86.ActiveCfg = Debug|Any CPU
		{5AE88F5D-79DB-47C9-A5DC-41C13C37B57A}.Debug|x86.Build.0 = Debug|Any CPU
		{5AE88F5D-79DB-47C9-A5DC-41C13C37B57A}.Release|Any CPU.ActiveCfg = Release|Any CPU
		{5AE88F5D-79DB-47C9-A5DC-41C13C37B57A}.Release|Any CPU.Build.0 = Release|Any CPU
		{5AE88F5D-79DB-47C9-A5DC-41C13C37B57A}.Release|x64.ActiveCfg = Release|Any CPU
		{5AE88F5D-79DB-47C9-A5DC-41C13C37B57A}.Release|x64.Build.0 = Release|Any CPU
		{5AE88F5D-79DB-47C9-A5DC-41C13C37B57A}.Release|x86.ActiveCfg = Release|Any CPU
		{5AE88F5D-79DB-47C9-A5DC-41C13C37B57A}.Release|x86.Build.0 = Release|Any CPU
		{129CEDA3-595A-43AB-B753-F96A37923AC2}.Debug|Any CPU.ActiveCfg = Debug|Any CPU
		{129CEDA3-595A-43AB-B753-F96A37923AC2}.Debug|Any CPU.Build.0 = Debug|Any CPU
		{129CEDA3-595A-43AB-B753-F96A37923AC2}.Debug|x64.ActiveCfg = Debug|Any CPU
		{129CEDA3-595A-43AB-B753-F96A37923AC2}.Debug|x64.Build.0 = Debug|Any CPU
		{129CEDA3-595A-43AB-B753-F96A37923AC2}.Debug|x86.ActiveCfg = Debug|Any CPU
		{129CEDA3-595A-43AB-B753-F96A37923AC2}.Debug|x86.Build.0 = Debug|Any CPU
		{129CEDA3-595A-43AB-B753-F96A37923AC2}.Release|Any CPU.ActiveCfg = Release|Any CPU
		{129CEDA3-595A-43AB-B753-F96A37923AC2}.Release|Any CPU.Build.0 = Release|Any CPU
		{129CEDA3-595A-43AB-B753-F96A37923AC2}.Release|x64.ActiveCfg = Release|Any CPU
		{129CEDA3-595A-43AB-B753-F96A37923AC2}.Release|x64.Build.0 = Release|Any CPU
		{129CEDA3-595A-43AB-B753-F96A37923AC2}.Release|x86.ActiveCfg = Release|Any CPU
		{129CEDA3-595A-43AB-B753-F96A37923AC2}.Release|x86.Build.0 = Release|Any CPU
		{E46E760E-F45E-4B92-8B1E-78542684717C}.Debug|Any CPU.ActiveCfg = Debug|Any CPU
		{E46E760E-F45E-4B92-8B1E-78542684717C}.Debug|Any CPU.Build.0 = Debug|Any CPU
		{E46E760E-F45E-4B92-8B1E-78542684717C}.Debug|x64.ActiveCfg = Debug|Any CPU
		{E46E760E-F45E-4B92-8B1E-78542684717C}.Debug|x64.Build.0 = Debug|Any CPU
		{E46E760E-F45E-4B92-8B1E-78542684717C}.Debug|x86.ActiveCfg = Debug|Any CPU
		{E46E760E-F45E-4B92-8B1E-78542684717C}.Debug|x86.Build.0 = Debug|Any CPU
		{E46E760E-F45E-4B92-8B1E-78542684717C}.Release|Any CPU.ActiveCfg = Release|Any CPU
		{E46E760E-F45E-4B92-8B1E-78542684717C}.Release|Any CPU.Build.0 = Release|Any CPU
		{E46E760E-F45E-4B92-8B1E-78542684717C}.Release|x64.ActiveCfg = Release|Any CPU
		{E46E760E-F45E-4B92-8B1E-78542684717C}.Release|x64.Build.0 = Release|Any CPU
		{E46E760E-F45E-4B92-8B1E-78542684717C}.Release|x86.ActiveCfg = Release|Any CPU
		{E46E760E-F45E-4B92-8B1E-78542684717C}.Release|x86.Build.0 = Release|Any CPU
	EndGlobalSection
	GlobalSection(SolutionProperties) = preSolution
		HideSolutionNode = FALSE
	EndGlobalSection
	GlobalSection(NestedProjects) = preSolution
		{CE1E27C1-FD08-4A14-9775-98D616114093} = {827E0CD3-B72D-47B6-A68D-7590B98EB39B}
		{F662F458-9FC7-4FE7-96B2-1EB87E2E329B} = {827E0CD3-B72D-47B6-A68D-7590B98EB39B}
		{BC7FCF75-0365-4808-BE0F-5F920BA2E6AA} = {827E0CD3-B72D-47B6-A68D-7590B98EB39B}
		{5AE88F5D-79DB-47C9-A5DC-41C13C37B57A} = {827E0CD3-B72D-47B6-A68D-7590B98EB39B}
		{129CEDA3-595A-43AB-B753-F96A37923AC2} = {0AB3BF05-4346-4AA6-1389-037BE0695223}
		{E46E760E-F45E-4B92-8B1E-78542684717C} = {0AB3BF05-4346-4AA6-1389-037BE0695223}
	EndGlobalSection
EndGlobal
